
Microsoft Visual Studio Solution File, Format Version 12.00
# Visual Studio Version 17
VisualStudioVersion = 17.13.35806.99 d17.13
MinimumVisualStudioVersion = 10.0.40219.1
Project("{FAE04EC0-301F-11D3-BF4B-00C04F79EFBC}") = "UniPath-MVC", "UniPath-MVC.csproj", "{80524948-DD1B-40AD-BBFE-4D329C98C5E5}"
EndProject
Global
	GlobalSection(SolutionConfigurationPlatforms) = preSolution
		Debug|Any CPU = Debug|Any CPU
		Release|Any CPU = Release|Any CPU
	EndGlobalSection
	GlobalSection(ProjectConfigurationPlatforms) = postSolution
		{80524948-DD1B-40AD-BBFE-4D329C98C5E5}.Debug|Any CPU.ActiveCfg = Debug|Any CPU
		{80524948-DD1B-40AD-BBFE-4D329C98C5E5}.Debug|Any CPU.Build.0 = Debug|Any CPU
		{80524948-DD1B-40AD-BBFE-4D329C98C5E5}.Release|Any CPU.ActiveCfg = Release|Any CPU
		{80524948-DD1B-40AD-BBFE-4D329C98C5E5}.Release|Any CPU.Build.0 = Release|Any CPU
	EndGlobalSection
	GlobalSection(SolutionProperties) = preSolution
		HideSolutionNode = FALSE
	EndGlobalSection
	GlobalSection(ExtensibilityGlobals) = postSolution
		SolutionGuid = {5B1EEDBC-5380-4B5B-87B7-7BC8CF99EE53}
	EndGlobalSection
EndGlobal
